
Microsoft Visual Studio Solution File, Format Version 12.00
# Visual Studio 15
Project("{FAE04EC0-301F-11D3-BF4B-00C04F79EFBC}") = "EvPushSample.iOS", "EvPushSample.iOS.csproj", "{C75AB8E1-D82F-4A84-B2C1-ABC001944358}"
EndProject
Global
	GlobalSection(SolutionConfigurationPlatforms) = preSolution
		Debug|iPhoneSimulator = Debug|iPhoneSimulator
		Release|iPhoneSimulator = Release|iPhoneSimulator
		Debug|iPhone = Debug|iPhone
		Release|iPhone = Release|iPhone
	EndGlobalSection
	GlobalSection(ProjectConfigurationPlatforms) = postSolution
		{C75AB8E1-D82F-4A84-B2C1-ABC001944358}.Debug|iPhoneSimulator.ActiveCfg = Debug|iPhoneSimulator
		{C75AB8E1-D82F-4A84-B2C1-ABC001944358}.Debug|iPhoneSimulator.Build.0 = Debug|iPhoneSimulator
		{C75AB8E1-D82F-4A84-B2C1-ABC001944358}.Release|iPhoneSimulator.ActiveCfg = Release|iPhoneSimulator
		{C75AB8E1-D82F-4A84-B2C1-ABC001944358}.Release|iPhoneSimulator.Build.0 = Release|iPhoneSimulator
		{C75AB8E1-D82F-4A84-B2C1-ABC001944358}.Debug|iPhone.ActiveCfg = Debug|iPhone
		{C75AB8E1-D82F-4A84-B2C1-ABC001944358}.Debug|iPhone.Build.0 = Debug|iPhone
		{C75AB8E1-D82F-4A84-B2C1-ABC001944358}.Release|iPhone.ActiveCfg = Release|iPhone
		{C75AB8E1-D82F-4A84-B2C1-ABC001944358}.Release|iPhone.Build.0 = Release|iPhone
	EndGlobalSection
EndGlobal
