
Microsoft Visual Studio Solution File, Format Version 12.00
Project("{FAE04EC0-301F-11D3-BF4B-00C04F79EFBC}") = "EverlyticPush.Android.Bindings", "EverlyticPush.Android.Bindings\EverlyticPush.Android.Bindings.csproj", "{F28566B3-C8F3-4635-BFFB-B39BB743481E}"
EndProject
Project("{FAE04EC0-301F-11D3-BF4B-00C04F79EFBC}") = "EverlyticPush", "EverlyticPush\EverlyticPush.csproj", "{8BC1EF09-34E7-4587-B00D-9BE1FA2ADE41}"
EndProject
Project("{FAE04EC0-301F-11D3-BF4B-00C04F79EFBC}") = "EverlyticPush.Abstract", "EverlyticPush.Abstract\EverlyticPush.Abstract.csproj", "{5A6FDE11-E5BE-46D8-8F85-B00FF089CA3E}"
EndProject
Project("{FAE04EC0-301F-11D3-BF4B-00C04F79EFBC}") = "EverlyticPush.Android", "EverlyticPush.Android\EverlyticPush.Android.csproj", "{44CB7A3C-20AA-45C6-8230-CCAA80971A1F}"
EndProject
Project("{2150E333-8FDC-42A3-9474-1A3956D46DE8}") = "Samples", "Samples", "{657B90A0-191C-4872-93A4-F7FD6E4F9A9F}"
EndProject
Project("{FAE04EC0-301F-11D3-BF4B-00C04F79EFBC}") = "EvPushSample.Android", "EvPushSample.Android\EvPushSample.Android.csproj", "{6B0BA27E-1E87-436D-9371-6E736B998721}"
EndProject
Project("{FAE04EC0-301F-11D3-BF4B-00C04F79EFBC}") = "EverlyticPush.iOS", "EverlyticPush.iOS\EverlyticPush.iOS.csproj", "{1F5AC7D1-8D0D-472D-BC45-75805262771D}"
EndProject
Project("{FAE04EC0-301F-11D3-BF4B-00C04F79EFBC}") = "EvPushSample.iOS", "EvPushSample.iOS\EvPushSample.iOS.csproj", "{C75AB8E1-D82F-4A84-B2C1-ABC001944358}"
EndProject
Global
	GlobalSection(SolutionConfigurationPlatforms) = preSolution
		Debug|Any CPU = Debug|Any CPU
		Release|Any CPU = Release|Any CPU
	EndGlobalSection
	GlobalSection(ProjectConfigurationPlatforms) = postSolution
		{F28566B3-C8F3-4635-BFFB-B39BB743481E}.Debug|Any CPU.ActiveCfg = Debug|Any CPU
		{F28566B3-C8F3-4635-BFFB-B39BB743481E}.Debug|Any CPU.Build.0 = Debug|Any CPU
		{F28566B3-C8F3-4635-BFFB-B39BB743481E}.Release|Any CPU.ActiveCfg = Release|Any CPU
		{F28566B3-C8F3-4635-BFFB-B39BB743481E}.Release|Any CPU.Build.0 = Release|Any CPU
		{8BC1EF09-34E7-4587-B00D-9BE1FA2ADE41}.Debug|Any CPU.ActiveCfg = Debug|Any CPU
		{8BC1EF09-34E7-4587-B00D-9BE1FA2ADE41}.Debug|Any CPU.Build.0 = Debug|Any CPU
		{8BC1EF09-34E7-4587-B00D-9BE1FA2ADE41}.Release|Any CPU.ActiveCfg = Release|Any CPU
		{8BC1EF09-34E7-4587-B00D-9BE1FA2ADE41}.Release|Any CPU.Build.0 = Release|Any CPU
		{5A6FDE11-E5BE-46D8-8F85-B00FF089CA3E}.Debug|Any CPU.ActiveCfg = Debug|Any CPU
		{5A6FDE11-E5BE-46D8-8F85-B00FF089CA3E}.Debug|Any CPU.Build.0 = Debug|Any CPU
		{5A6FDE11-E5BE-46D8-8F85-B00FF089CA3E}.Release|Any CPU.ActiveCfg = Release|Any CPU
		{5A6FDE11-E5BE-46D8-8F85-B00FF089CA3E}.Release|Any CPU.Build.0 = Release|Any CPU
		{44CB7A3C-20AA-45C6-8230-CCAA80971A1F}.Debug|Any CPU.ActiveCfg = Debug|Any CPU
		{44CB7A3C-20AA-45C6-8230-CCAA80971A1F}.Debug|Any CPU.Build.0 = Debug|Any CPU
		{44CB7A3C-20AA-45C6-8230-CCAA80971A1F}.Release|Any CPU.ActiveCfg = Release|Any CPU
		{44CB7A3C-20AA-45C6-8230-CCAA80971A1F}.Release|Any CPU.Build.0 = Release|Any CPU
		{6B0BA27E-1E87-436D-9371-6E736B998721}.Debug|Any CPU.ActiveCfg = Debug|Any CPU
		{6B0BA27E-1E87-436D-9371-6E736B998721}.Debug|Any CPU.Build.0 = Debug|Any CPU
		{6B0BA27E-1E87-436D-9371-6E736B998721}.Release|Any CPU.ActiveCfg = Release|Any CPU
		{6B0BA27E-1E87-436D-9371-6E736B998721}.Release|Any CPU.Build.0 = Release|Any CPU
		{6B0BA27E-1E87-436D-9371-6E736B998721}.Debug|Any CPU.Deploy.0 = Debug|Any CPU
		{1F5AC7D1-8D0D-472D-BC45-75805262771D}.Debug|Any CPU.ActiveCfg = Debug|Any CPU
		{1F5AC7D1-8D0D-472D-BC45-75805262771D}.Debug|Any CPU.Build.0 = Debug|Any CPU
		{1F5AC7D1-8D0D-472D-BC45-75805262771D}.Release|Any CPU.ActiveCfg = Release|Any CPU
		{1F5AC7D1-8D0D-472D-BC45-75805262771D}.Release|Any CPU.Build.0 = Release|Any CPU
		{C75AB8E1-D82F-4A84-B2C1-ABC001944358}.Debug|Any CPU.ActiveCfg = Debug|iPhoneSimulator
		{C75AB8E1-D82F-4A84-B2C1-ABC001944358}.Debug|Any CPU.Build.0 = Debug|iPhoneSimulator
		{C75AB8E1-D82F-4A84-B2C1-ABC001944358}.Release|Any CPU.ActiveCfg = Release|iPhoneSimulator
		{C75AB8E1-D82F-4A84-B2C1-ABC001944358}.Release|Any CPU.Build.0 = Release|iPhoneSimulator
	EndGlobalSection
	GlobalSection(NestedProjects) = preSolution
		{6B0BA27E-1E87-436D-9371-6E736B998721} = {657B90A0-191C-4872-93A4-F7FD6E4F9A9F}
		{C75AB8E1-D82F-4A84-B2C1-ABC001944358} = {657B90A0-191C-4872-93A4-F7FD6E4F9A9F}
	EndGlobalSection
EndGlobal
